
Microsoft Visual Studio Solution File, Format Version 12.00
# Visual Studio 2012
Project("{E24C65DC-7377-472B-9ABA-BC803B73C61A}") = "bootstraptest2", "http://localhost:36486", "{BC668142-5E45-4956-8906-206AA06D9072}"
	ProjectSection(WebsiteProperties) = preProject
		UseIISExpress = "true"
		TargetFrameworkMoniker = ".NETFramework,Version%3Dv4.5"
		Debug.AspNetCompiler.VirtualPath = "/localhost_36486"
		Debug.AspNetCompiler.PhysicalPath = "..\..\..\My Box Files\Documents\skole\ASP.NET\bootstraptest2\"
		Debug.AspNetCompiler.TargetPath = "PrecompiledWeb\localhost_36486\"
		Debug.AspNetCompiler.Updateable = "true"
		Debug.AspNetCompiler.ForceOverwrite = "true"
		Debug.AspNetCompiler.FixedNames = "false"
		Debug.AspNetCompiler.Debug = "True"
		Release.AspNetCompiler.VirtualPath = "/localhost_36486"
		Release.AspNetCompiler.PhysicalPath = "..\..\..\My Box Files\Documents\skole\ASP.NET\bootstraptest2\"
		Release.AspNetCompiler.TargetPath = "PrecompiledWeb\localhost_36486\"
		Release.AspNetCompiler.Updateable = "true"
		Release.AspNetCompiler.ForceOverwrite = "true"
		Release.AspNetCompiler.FixedNames = "false"
		Release.AspNetCompiler.Debug = "False"
		SlnRelativePath = "..\..\..\My Box Files\Documents\skole\ASP.NET\bootstraptest2\"
		DefaultWebSiteLanguage = "Visual C#"
	EndProjectSection
EndProject
Global
	GlobalSection(SolutionConfigurationPlatforms) = preSolution
		Debug|Any CPU = Debug|Any CPU
	EndGlobalSection
	GlobalSection(ProjectConfigurationPlatforms) = postSolution
		{BC668142-5E45-4956-8906-206AA06D9072}.Debug|Any CPU.ActiveCfg = Debug|Any CPU
		{BC668142-5E45-4956-8906-206AA06D9072}.Debug|Any CPU.Build.0 = Debug|Any CPU
	EndGlobalSection
	GlobalSection(SolutionProperties) = preSolution
		HideSolutionNode = FALSE
	EndGlobalSection
EndGlobal
